
Microsoft Visual Studio Solution File, Format Version 12.00
# Visual Studio 14
VisualStudioVersion = 14.0.22823.1
MinimumVisualStudioVersion = 10.0.40219.1
Project("{2150E333-8FDC-42A3-9474-1A3956D46DE8}") = "src", "src", "{19F68C1E-FFB2-4402-8623-37CE84769772}"
EndProject
Project("{2150E333-8FDC-42A3-9474-1A3956D46DE8}") = "Solution Items", "Solution Items", "{39BC554A-A3F7-451E-9552-948AEDBA7A91}"
	ProjectSection(SolutionItems) = preProject
		global.json = global.json
	EndProjectSection
EndProject
Project("{8BB2217D-0F2D-49D1-97BC-3654ED321F3B}") = "AuthorIntrusion.Web", "src\AuthorIntrusion.Web\AuthorIntrusion.Web.xproj", "{CEC37111-D2FF-4C90-AE92-A009285CE4AE}"
EndProject
Project("{FAE04EC0-301F-11D3-BF4B-00C04F79EFBC}") = "AuthorIntrusion", "src\AuthorIntrusion\AuthorIntrusion.csproj", "{36D7F7CB-F006-464F-9E71-F3D2F84D1CEA}"
EndProject
Project("{FAE04EC0-301F-11D3-BF4B-00C04F79EFBC}") = "AuthorIntrusion.Cli", "src\AuthorIntrusion.Cli\AuthorIntrusion.Cli.csproj", "{9EABB82B-81E0-4F81-B493-9DEB8CFA4682}"
EndProject
Project("{FAE04EC0-301F-11D3-BF4B-00C04F79EFBC}") = "AuthorIntrusion.Contracts", "src\AuthorIntrusion.Contracts\AuthorIntrusion.Contracts.csproj", "{68FC829F-1EE0-4454-AABD-177D4D41BE55}"
EndProject
Project("{FAE04EC0-301F-11D3-BF4B-00C04F79EFBC}") = "AuthorIntrusion.Plugin.IO.FileSystem", "src\AuthorIntrusion.Plugin.IO.FileSystem\AuthorIntrusion.Plugin.IO.FileSystem.csproj", "{0F986FB2-E366-462D-B375-530E1F1B0391}"
EndProject
Project("{FAE04EC0-301F-11D3-BF4B-00C04F79EFBC}") = "MfGames.TextTokens", "src\MfGames.TextTokens\MfGames.TextTokens.csproj", "{7B578A31-00BB-4B53-BF51-377F261118D1}"
EndProject
Project("{2150E333-8FDC-42A3-9474-1A3956D46DE8}") = "tests", "tests", "{43D49082-09DE-43E7-89E5-63C6B94EBFFA}"
EndProject
Project("{FAE04EC0-301F-11D3-BF4B-00C04F79EFBC}") = "AuthorIntrusion.Cli.Tests", "tests\AuthorIntrusion.Cli.Tests\AuthorIntrusion.Cli.Tests.csproj", "{A45C8A4A-AB51-411B-AF5F-258293D53199}"
EndProject
Project("{FAE04EC0-301F-11D3-BF4B-00C04F79EFBC}") = "AuthorIntrusion.Tests", "tests\AuthorIntrusion.Tests\AuthorIntrusion.Tests.csproj", "{10004E79-4E53-45F1-9F64-ACA3CAD268C2}"
EndProject
Project("{FAE04EC0-301F-11D3-BF4B-00C04F79EFBC}") = "MfGames.TextTokens.Tests", "tests\MfGames.TextTokens.Tests\MfGames.TextTokens.Tests.csproj", "{84DD0764-63F8-4ECC-8860-F3F1A779AFDF}"
EndProject
Project("{FAE04EC0-301F-11D3-BF4B-00C04F79EFBC}") = "AuthorIntrusion.UI.WpfAwe", "AuthorIntrusion.UI.WpfAwe\AuthorIntrusion.UI.WpfAwe.csproj", "{89EA90ED-141A-4EB2-9F06-68B0308CCF63}"
EndProject
Project("{8BB2217D-0F2D-49D1-97BC-3654ED321F3B}") = "AuthorIntrusion.Web.Plugin.LocalAuthentication", "src\AuthorIntrusion.Web.Plugin.LocalAuthentication\AuthorIntrusion.Web.Plugin.LocalAuthentication.xproj", "{C2460E65-A08A-4821-9E50-D268CBC2C786}"
EndProject
Global
	GlobalSection(SolutionConfigurationPlatforms) = preSolution
		Debug|Any CPU = Debug|Any CPU
		Release|Any CPU = Release|Any CPU
	EndGlobalSection
	GlobalSection(ProjectConfigurationPlatforms) = postSolution
		{CEC37111-D2FF-4C90-AE92-A009285CE4AE}.Debug|Any CPU.ActiveCfg = Debug|Any CPU
		{CEC37111-D2FF-4C90-AE92-A009285CE4AE}.Debug|Any CPU.Build.0 = Debug|Any CPU
		{CEC37111-D2FF-4C90-AE92-A009285CE4AE}.Release|Any CPU.ActiveCfg = Release|Any CPU
		{CEC37111-D2FF-4C90-AE92-A009285CE4AE}.Release|Any CPU.Build.0 = Release|Any CPU
		{36D7F7CB-F006-464F-9E71-F3D2F84D1CEA}.Debug|Any CPU.ActiveCfg = Debug|Any CPU
		{36D7F7CB-F006-464F-9E71-F3D2F84D1CEA}.Debug|Any CPU.Build.0 = Debug|Any CPU
		{36D7F7CB-F006-464F-9E71-F3D2F84D1CEA}.Release|Any CPU.ActiveCfg = Release|Any CPU
		{36D7F7CB-F006-464F-9E71-F3D2F84D1CEA}.Release|Any CPU.Build.0 = Release|Any CPU
		{9EABB82B-81E0-4F81-B493-9DEB8CFA4682}.Debug|Any CPU.ActiveCfg = Debug|Any CPU
		{9EABB82B-81E0-4F81-B493-9DEB8CFA4682}.Debug|Any CPU.Build.0 = Debug|Any CPU
		{9EABB82B-81E0-4F81-B493-9DEB8CFA4682}.Release|Any CPU.ActiveCfg = Release|Any CPU
		{9EABB82B-81E0-4F81-B493-9DEB8CFA4682}.Release|Any CPU.Build.0 = Release|Any CPU
		{68FC829F-1EE0-4454-AABD-177D4D41BE55}.Debug|Any CPU.ActiveCfg = Debug|Any CPU
		{68FC829F-1EE0-4454-AABD-177D4D41BE55}.Debug|Any CPU.Build.0 = Debug|Any CPU
		{68FC829F-1EE0-4454-AABD-177D4D41BE55}.Release|Any CPU.ActiveCfg = Release|Any CPU
		{68FC829F-1EE0-4454-AABD-177D4D41BE55}.Release|Any CPU.Build.0 = Release|Any CPU
		{0F986FB2-E366-462D-B375-530E1F1B0391}.Debug|Any CPU.ActiveCfg = Debug|Any CPU
		{0F986FB2-E366-462D-B375-530E1F1B0391}.Debug|Any CPU.Build.0 = Debug|Any CPU
		{0F986FB2-E366-462D-B375-530E1F1B0391}.Release|Any CPU.ActiveCfg = Release|Any CPU
		{0F986FB2-E366-462D-B375-530E1F1B0391}.Release|Any CPU.Build.0 = Release|Any CPU
		{7B578A31-00BB-4B53-BF51-377F261118D1}.Debug|Any CPU.ActiveCfg = Debug|Any CPU
		{7B578A31-00BB-4B53-BF51-377F261118D1}.Debug|Any CPU.Build.0 = Debug|Any CPU
		{7B578A31-00BB-4B53-BF51-377F261118D1}.Release|Any CPU.ActiveCfg = Release|Any CPU
		{7B578A31-00BB-4B53-BF51-377F261118D1}.Release|Any CPU.Build.0 = Release|Any CPU
		{A45C8A4A-AB51-411B-AF5F-258293D53199}.Debug|Any CPU.ActiveCfg = Debug|Any CPU
		{A45C8A4A-AB51-411B-AF5F-258293D53199}.Debug|Any CPU.Build.0 = Debug|Any CPU
		{A45C8A4A-AB51-411B-AF5F-258293D53199}.Release|Any CPU.ActiveCfg = Release|Any CPU
		{A45C8A4A-AB51-411B-AF5F-258293D53199}.Release|Any CPU.Build.0 = Release|Any CPU
		{10004E79-4E53-45F1-9F64-ACA3CAD268C2}.Debug|Any CPU.ActiveCfg = Debug|Any CPU
		{10004E79-4E53-45F1-9F64-ACA3CAD268C2}.Debug|Any CPU.Build.0 = Debug|Any CPU
		{10004E79-4E53-45F1-9F64-ACA3CAD268C2}.Release|Any CPU.ActiveCfg = Release|Any CPU
		{10004E79-4E53-45F1-9F64-ACA3CAD268C2}.Release|Any CPU.Build.0 = Release|Any CPU
		{84DD0764-63F8-4ECC-8860-F3F1A779AFDF}.Debug|Any CPU.ActiveCfg = Debug|Any CPU
		{84DD0764-63F8-4ECC-8860-F3F1A779AFDF}.Debug|Any CPU.Build.0 = Debug|Any CPU
		{84DD0764-63F8-4ECC-8860-F3F1A779AFDF}.Release|Any CPU.ActiveCfg = Release|Any CPU
		{84DD0764-63F8-4ECC-8860-F3F1A779AFDF}.Release|Any CPU.Build.0 = Release|Any CPU
		{89EA90ED-141A-4EB2-9F06-68B0308CCF63}.Debug|Any CPU.ActiveCfg = Debug|Any CPU
		{89EA90ED-141A-4EB2-9F06-68B0308CCF63}.Debug|Any CPU.Build.0 = Debug|Any CPU
		{89EA90ED-141A-4EB2-9F06-68B0308CCF63}.Release|Any CPU.ActiveCfg = Release|Any CPU
		{89EA90ED-141A-4EB2-9F06-68B0308CCF63}.Release|Any CPU.Build.0 = Release|Any CPU
		{C2460E65-A08A-4821-9E50-D268CBC2C786}.Debug|Any CPU.ActiveCfg = Debug|Any CPU
		{C2460E65-A08A-4821-9E50-D268CBC2C786}.Debug|Any CPU.Build.0 = Debug|Any CPU
		{C2460E65-A08A-4821-9E50-D268CBC2C786}.Release|Any CPU.ActiveCfg = Release|Any CPU
		{C2460E65-A08A-4821-9E50-D268CBC2C786}.Release|Any CPU.Build.0 = Release|Any CPU
	EndGlobalSection
	GlobalSection(SolutionProperties) = preSolution
		HideSolutionNode = FALSE
	EndGlobalSection
	GlobalSection(NestedProjects) = preSolution
		{CEC37111-D2FF-4C90-AE92-A009285CE4AE} = {19F68C1E-FFB2-4402-8623-37CE84769772}
		{36D7F7CB-F006-464F-9E71-F3D2F84D1CEA} = {19F68C1E-FFB2-4402-8623-37CE84769772}
		{9EABB82B-81E0-4F81-B493-9DEB8CFA4682} = {19F68C1E-FFB2-4402-8623-37CE84769772}
		{68FC829F-1EE0-4454-AABD-177D4D41BE55} = {19F68C1E-FFB2-4402-8623-37CE84769772}
		{0F986FB2-E366-462D-B375-530E1F1B0391} = {19F68C1E-FFB2-4402-8623-37CE84769772}
		{7B578A31-00BB-4B53-BF51-377F261118D1} = {19F68C1E-FFB2-4402-8623-37CE84769772}
		{A45C8A4A-AB51-411B-AF5F-258293D53199} = {43D49082-09DE-43E7-89E5-63C6B94EBFFA}
		{10004E79-4E53-45F1-9F64-ACA3CAD268C2} = {43D49082-09DE-43E7-89E5-63C6B94EBFFA}
		{84DD0764-63F8-4ECC-8860-F3F1A779AFDF} = {43D49082-09DE-43E7-89E5-63C6B94EBFFA}
		{89EA90ED-141A-4EB2-9F06-68B0308CCF63} = {19F68C1E-FFB2-4402-8623-37CE84769772}
		{C2460E65-A08A-4821-9E50-D268CBC2C786} = {19F68C1E-FFB2-4402-8623-37CE84769772}
	EndGlobalSection
EndGlobal
