
Microsoft Visual Studio Solution File, Format Version 12.00
# Visual Studio 2012
Project("{FAE04EC0-301F-11D3-BF4B-00C04F79EFBC}") = "AuthorIntrusion", "AuthorIntrusion\AuthorIntrusion.csproj", "{D6565C98-F476-4538-B8E0-D0F1234C8D14}"
EndProject
Project("{FAE04EC0-301F-11D3-BF4B-00C04F79EFBC}") = "AuthorIntrusion.Common", "AuthorIntrusion.Common\AuthorIntrusion.Common.csproj", "{00EBF5AB-EFBA-49DD-9B50-C588CED63A89}"
EndProject
Project("{FAE04EC0-301F-11D3-BF4B-00C04F79EFBC}") = "AuthorIntrusion.Cli", "AuthorIntrusion.Cli\AuthorIntrusion.Cli.csproj", "{052F9132-87EC-40DA-8AD9-25B05FBB98F0}"
EndProject
Global
	GlobalSection(SolutionConfigurationPlatforms) = preSolution
		Debug|Any CPU = Debug|Any CPU
		Release|Any CPU = Release|Any CPU
	EndGlobalSection
	GlobalSection(ProjectConfigurationPlatforms) = postSolution
		{D6565C98-F476-4538-B8E0-D0F1234C8D14}.Debug|Any CPU.ActiveCfg = Debug|Any CPU
		{D6565C98-F476-4538-B8E0-D0F1234C8D14}.Debug|Any CPU.Build.0 = Debug|Any CPU
		{D6565C98-F476-4538-B8E0-D0F1234C8D14}.Release|Any CPU.ActiveCfg = Release|Any CPU
		{D6565C98-F476-4538-B8E0-D0F1234C8D14}.Release|Any CPU.Build.0 = Release|Any CPU
		{00EBF5AB-EFBA-49DD-9B50-C588CED63A89}.Debug|Any CPU.ActiveCfg = Debug|Any CPU
		{00EBF5AB-EFBA-49DD-9B50-C588CED63A89}.Debug|Any CPU.Build.0 = Debug|Any CPU
		{00EBF5AB-EFBA-49DD-9B50-C588CED63A89}.Release|Any CPU.ActiveCfg = Release|Any CPU
		{00EBF5AB-EFBA-49DD-9B50-C588CED63A89}.Release|Any CPU.Build.0 = Release|Any CPU
		{052F9132-87EC-40DA-8AD9-25B05FBB98F0}.Debug|Any CPU.ActiveCfg = Debug|Any CPU
		{052F9132-87EC-40DA-8AD9-25B05FBB98F0}.Debug|Any CPU.Build.0 = Debug|Any CPU
		{052F9132-87EC-40DA-8AD9-25B05FBB98F0}.Release|Any CPU.ActiveCfg = Release|Any CPU
		{052F9132-87EC-40DA-8AD9-25B05FBB98F0}.Release|Any CPU.Build.0 = Release|Any CPU
	EndGlobalSection
	GlobalSection(SolutionProperties) = preSolution
		HideSolutionNode = FALSE
	EndGlobalSection
EndGlobal
